
Microsoft Visual Studio Solution File, Format Version 12.00
# Visual Studio 15
VisualStudioVersion = 15.0.28307.329
MinimumVisualStudioVersion = 10.0.40219.1
Project("{FAE04EC0-301F-11D3-BF4B-00C04F79EFBC}") = "TestCarApplication", "TestCarApplication\TestCarApplication.csproj", "{4600C921-394E-464E-8B7A-0CFE2AF4C2E4}"
EndProject
Global
	GlobalSection(SolutionConfigurationPlatforms) = preSolution
		Debug|Any CPU = Debug|Any CPU
		Release|Any CPU = Release|Any CPU
	EndGlobalSection
	GlobalSection(ProjectConfigurationPlatforms) = postSolution
		{4600C921-394E-464E-8B7A-0CFE2AF4C2E4}.Debug|Any CPU.ActiveCfg = Debug|Any CPU
		{4600C921-394E-464E-8B7A-0CFE2AF4C2E4}.Debug|Any CPU.Build.0 = Debug|Any CPU
		{4600C921-394E-464E-8B7A-0CFE2AF4C2E4}.Release|Any CPU.ActiveCfg = Release|Any CPU
		{4600C921-394E-464E-8B7A-0CFE2AF4C2E4}.Release|Any CPU.Build.0 = Release|Any CPU
	EndGlobalSection
	GlobalSection(SolutionProperties) = preSolution
		HideSolutionNode = FALSE
	EndGlobalSection
	GlobalSection(ExtensibilityGlobals) = postSolution
		SolutionGuid = {22F9A2C0-9BC1-4690-9B1D-068F806C6FA2}
	EndGlobalSection
EndGlobal
